
Microsoft Visual Studio Solution File, Format Version 10.00
# Visual C# Express 2008
Project("{FAE04EC0-301F-11D3-BF4B-00C04F79EFBC}") = "Split", "Split.csproj", "{E1CC1DF0-A093-428E-B301-DDCB71150504}"
EndProject
Project("{FAE04EC0-301F-11D3-BF4B-00C04F79EFBC}") = "Slim", "..\Slim\Slim.csproj", "{45998CF8-FFF4-47ED-96C5-9A1974C478C2}"
EndProject
Project("{FAE04EC0-301F-11D3-BF4B-00C04F79EFBC}") = "BspImporter", "..\BSPImporter\BspImporter.csproj", "{6B08F749-17F0-4C75-82FC-05EA2AE0AF8F}"
EndProject
Project("{FAE04EC0-301F-11D3-BF4B-00C04F79EFBC}") = "ShaderDbImporter", "..\ShaderDb\ShaderDbImporter.csproj", "{9EADC8BE-7B60-40C5-AD0F-C7F89723735E}"
EndProject
Global
	GlobalSection(SolutionConfigurationPlatforms) = preSolution
		Debug|Mixed Platforms = Debug|Mixed Platforms
		Debug|x86 = Debug|x86
		Debug|Xbox 360 = Debug|Xbox 360
		Debug|Zune = Debug|Zune
		Release|Mixed Platforms = Release|Mixed Platforms
		Release|x86 = Release|x86
		Release|Xbox 360 = Release|Xbox 360
		Release|Zune = Release|Zune
	EndGlobalSection
	GlobalSection(ProjectConfigurationPlatforms) = postSolution
		{E1CC1DF0-A093-428E-B301-DDCB71150504}.Debug|Mixed Platforms.ActiveCfg = Debug|x86
		{E1CC1DF0-A093-428E-B301-DDCB71150504}.Debug|Mixed Platforms.Build.0 = Debug|x86
		{E1CC1DF0-A093-428E-B301-DDCB71150504}.Debug|x86.ActiveCfg = Debug|x86
		{E1CC1DF0-A093-428E-B301-DDCB71150504}.Debug|x86.Build.0 = Debug|x86
		{E1CC1DF0-A093-428E-B301-DDCB71150504}.Debug|Xbox 360.ActiveCfg = Debug|x86
		{E1CC1DF0-A093-428E-B301-DDCB71150504}.Debug|Zune.ActiveCfg = Debug|x86
		{E1CC1DF0-A093-428E-B301-DDCB71150504}.Release|Mixed Platforms.ActiveCfg = Release|x86
		{E1CC1DF0-A093-428E-B301-DDCB71150504}.Release|Mixed Platforms.Build.0 = Release|x86
		{E1CC1DF0-A093-428E-B301-DDCB71150504}.Release|x86.ActiveCfg = Release|x86
		{E1CC1DF0-A093-428E-B301-DDCB71150504}.Release|x86.Build.0 = Release|x86
		{E1CC1DF0-A093-428E-B301-DDCB71150504}.Release|Xbox 360.ActiveCfg = Release|x86
		{E1CC1DF0-A093-428E-B301-DDCB71150504}.Release|Zune.ActiveCfg = Release|x86
		{45998CF8-FFF4-47ED-96C5-9A1974C478C2}.Debug|Mixed Platforms.ActiveCfg = Debug|x86
		{45998CF8-FFF4-47ED-96C5-9A1974C478C2}.Debug|Mixed Platforms.Build.0 = Debug|x86
		{45998CF8-FFF4-47ED-96C5-9A1974C478C2}.Debug|x86.ActiveCfg = Debug|x86
		{45998CF8-FFF4-47ED-96C5-9A1974C478C2}.Debug|x86.Build.0 = Debug|x86
		{45998CF8-FFF4-47ED-96C5-9A1974C478C2}.Debug|Xbox 360.ActiveCfg = Debug|x86
		{45998CF8-FFF4-47ED-96C5-9A1974C478C2}.Debug|Zune.ActiveCfg = Debug|x86
		{45998CF8-FFF4-47ED-96C5-9A1974C478C2}.Release|Mixed Platforms.ActiveCfg = Release|x86
		{45998CF8-FFF4-47ED-96C5-9A1974C478C2}.Release|Mixed Platforms.Build.0 = Release|x86
		{45998CF8-FFF4-47ED-96C5-9A1974C478C2}.Release|x86.ActiveCfg = Release|x86
		{45998CF8-FFF4-47ED-96C5-9A1974C478C2}.Release|x86.Build.0 = Release|x86
		{45998CF8-FFF4-47ED-96C5-9A1974C478C2}.Release|Xbox 360.ActiveCfg = Release|x86
		{45998CF8-FFF4-47ED-96C5-9A1974C478C2}.Release|Zune.ActiveCfg = Release|x86
		{6B08F749-17F0-4C75-82FC-05EA2AE0AF8F}.Debug|Mixed Platforms.ActiveCfg = Debug|Zune
		{6B08F749-17F0-4C75-82FC-05EA2AE0AF8F}.Debug|Mixed Platforms.Build.0 = Debug|Zune
		{6B08F749-17F0-4C75-82FC-05EA2AE0AF8F}.Debug|x86.ActiveCfg = Debug|x86
		{6B08F749-17F0-4C75-82FC-05EA2AE0AF8F}.Debug|x86.Build.0 = Debug|x86
		{6B08F749-17F0-4C75-82FC-05EA2AE0AF8F}.Debug|Xbox 360.ActiveCfg = Debug|Xbox 360
		{6B08F749-17F0-4C75-82FC-05EA2AE0AF8F}.Debug|Xbox 360.Build.0 = Debug|Xbox 360
		{6B08F749-17F0-4C75-82FC-05EA2AE0AF8F}.Debug|Zune.ActiveCfg = Debug|Zune
		{6B08F749-17F0-4C75-82FC-05EA2AE0AF8F}.Debug|Zune.Build.0 = Debug|Zune
		{6B08F749-17F0-4C75-82FC-05EA2AE0AF8F}.Release|Mixed Platforms.ActiveCfg = Release|Zune
		{6B08F749-17F0-4C75-82FC-05EA2AE0AF8F}.Release|Mixed Platforms.Build.0 = Release|Zune
		{6B08F749-17F0-4C75-82FC-05EA2AE0AF8F}.Release|x86.ActiveCfg = Release|x86
		{6B08F749-17F0-4C75-82FC-05EA2AE0AF8F}.Release|x86.Build.0 = Release|x86
		{6B08F749-17F0-4C75-82FC-05EA2AE0AF8F}.Release|Xbox 360.ActiveCfg = Release|Xbox 360
		{6B08F749-17F0-4C75-82FC-05EA2AE0AF8F}.Release|Xbox 360.Build.0 = Release|Xbox 360
		{6B08F749-17F0-4C75-82FC-05EA2AE0AF8F}.Release|Zune.ActiveCfg = Release|Zune
		{6B08F749-17F0-4C75-82FC-05EA2AE0AF8F}.Release|Zune.Build.0 = Release|Zune
		{9EADC8BE-7B60-40C5-AD0F-C7F89723735E}.Debug|Mixed Platforms.ActiveCfg = Debug|Zune
		{9EADC8BE-7B60-40C5-AD0F-C7F89723735E}.Debug|Mixed Platforms.Build.0 = Debug|Zune
		{9EADC8BE-7B60-40C5-AD0F-C7F89723735E}.Debug|x86.ActiveCfg = Debug|x86
		{9EADC8BE-7B60-40C5-AD0F-C7F89723735E}.Debug|x86.Build.0 = Debug|x86
		{9EADC8BE-7B60-40C5-AD0F-C7F89723735E}.Debug|Xbox 360.ActiveCfg = Debug|Xbox 360
		{9EADC8BE-7B60-40C5-AD0F-C7F89723735E}.Debug|Xbox 360.Build.0 = Debug|Xbox 360
		{9EADC8BE-7B60-40C5-AD0F-C7F89723735E}.Debug|Zune.ActiveCfg = Debug|Zune
		{9EADC8BE-7B60-40C5-AD0F-C7F89723735E}.Debug|Zune.Build.0 = Debug|Zune
		{9EADC8BE-7B60-40C5-AD0F-C7F89723735E}.Release|Mixed Platforms.ActiveCfg = Release|Zune
		{9EADC8BE-7B60-40C5-AD0F-C7F89723735E}.Release|Mixed Platforms.Build.0 = Release|Zune
		{9EADC8BE-7B60-40C5-AD0F-C7F89723735E}.Release|x86.ActiveCfg = Release|x86
		{9EADC8BE-7B60-40C5-AD0F-C7F89723735E}.Release|x86.Build.0 = Release|x86
		{9EADC8BE-7B60-40C5-AD0F-C7F89723735E}.Release|Xbox 360.ActiveCfg = Release|Xbox 360
		{9EADC8BE-7B60-40C5-AD0F-C7F89723735E}.Release|Xbox 360.Build.0 = Release|Xbox 360
		{9EADC8BE-7B60-40C5-AD0F-C7F89723735E}.Release|Zune.ActiveCfg = Release|Zune
		{9EADC8BE-7B60-40C5-AD0F-C7F89723735E}.Release|Zune.Build.0 = Release|Zune
		{8601277E-EA4E-4FF9-A9A2-1523A2A2C3CC}.Debug|Mixed Platforms.ActiveCfg = Debug|x86
		{8601277E-EA4E-4FF9-A9A2-1523A2A2C3CC}.Debug|x86.ActiveCfg = Debug|x86
		{8601277E-EA4E-4FF9-A9A2-1523A2A2C3CC}.Debug|Xbox 360.ActiveCfg = Debug|x86
		{8601277E-EA4E-4FF9-A9A2-1523A2A2C3CC}.Debug|Zune.ActiveCfg = Debug|x86
		{8601277E-EA4E-4FF9-A9A2-1523A2A2C3CC}.Release|Mixed Platforms.ActiveCfg = Release|x86
		{8601277E-EA4E-4FF9-A9A2-1523A2A2C3CC}.Release|x86.ActiveCfg = Release|x86
		{8601277E-EA4E-4FF9-A9A2-1523A2A2C3CC}.Release|Xbox 360.ActiveCfg = Release|x86
		{8601277E-EA4E-4FF9-A9A2-1523A2A2C3CC}.Release|Zune.ActiveCfg = Release|x86
		{546FA29A-C0B7-489B-B6EA-A6B73429C287}.Debug|Mixed Platforms.ActiveCfg = Debug|x86
		{546FA29A-C0B7-489B-B6EA-A6B73429C287}.Debug|x86.ActiveCfg = Debug|x86
		{546FA29A-C0B7-489B-B6EA-A6B73429C287}.Debug|Xbox 360.ActiveCfg = Debug|x86
		{546FA29A-C0B7-489B-B6EA-A6B73429C287}.Debug|Zune.ActiveCfg = Debug|x86
		{546FA29A-C0B7-489B-B6EA-A6B73429C287}.Release|Mixed Platforms.ActiveCfg = Release|x86
		{546FA29A-C0B7-489B-B6EA-A6B73429C287}.Release|x86.ActiveCfg = Release|x86
		{546FA29A-C0B7-489B-B6EA-A6B73429C287}.Release|Xbox 360.ActiveCfg = Release|x86
		{546FA29A-C0B7-489B-B6EA-A6B73429C287}.Release|Zune.ActiveCfg = Release|x86
	EndGlobalSection
	GlobalSection(SolutionProperties) = preSolution
		HideSolutionNode = FALSE
	EndGlobalSection
EndGlobal
